<?xml version="1.0" encoding="utf-8"?>
<Project ToolsVersion="4.0" xmlns="http://schemas.microsoft.com/developer/msbuild/2003">
  <ItemGroup>
    <Filter Include="소스 파일">
      <UniqueIdentifier>{4FC737F1-C7A5-4376-A066-2A32D752A2FF}</UniqueIdentifier>
      <Extensions>cpp;c;cc;cxx;c++;cppm;ixx;def;odl;idl;hpj;bat;asm;asmx</Extensions>
    </Filter>
    <Filter Include="헤더 파일">
      <UniqueIdentifier>{93995380-89BD-4b04-88EB-625FBE52EBFB}</UniqueIdentifier>
      <Extensions>h;hh;hpp;hxx;h++;hm;inl;inc;ipp;xsd</Extensions>
    </Filter>
    <Filter Include="리소스 파일">
      <UniqueIdentifier>{67DA6AB6-F800-4c08-8B7A-83BB121AAD01}</UniqueIdentifier>
      <Extensions>rc;ico;cur;bmp;dlg;rc2;rct;bin;rgs;gif;jpg;jpeg;jpe;resx;tiff;tif;png;wav;mfcribbon-ms</Extensions>
    </Filter>
    <Filter Include="Singleton">
      <UniqueIdentifier>{f9954941-47a4-4405-82f4-8a8da0394e91}</UniqueIdentifier>
    </Filter>
    <Filter Include="GameMng">
      <UniqueIdentifier>{28ff2098-9dbc-4489-a4b1-ef288cc060d0}</UniqueIdentifier>
    </Filter>
    <Filter Include="State">
      <UniqueIdentifier>{0bfb3868-f588-4f44-9b3e-eaa2563128bd}</UniqueIdentifier>
    </Filter>
    <Filter Include="State\MenuState">
      <UniqueIdentifier>{0bac94da-cbc5-4734-bd79-11c427d6fdda}</UniqueIdentifier>
    </Filter>
    <Filter Include="State\GameState">
      <UniqueIdentifier>{b6814606-bf89-4172-93cc-d5c6cd064b3b}</UniqueIdentifier>
    </Filter>
    <Filter Include="GameBoard">
      <UniqueIdentifier>{aab7dcaf-386f-46da-8022-6b76e92289ed}</UniqueIdentifier>
    </Filter>
    <Filter Include="Unit">
      <UniqueIdentifier>{5e72f54e-405b-4f4d-92cb-4d9e24e060fb}</UniqueIdentifier>
    </Filter>
    <Filter Include="Chess Unit">
      <UniqueIdentifier>{1170a433-1727-4765-aac4-2e6a6617781e}</UniqueIdentifier>
    </Filter>
    <Filter Include="Chess Unit\Pawn">
      <UniqueIdentifier>{b8776553-50e5-402d-bd42-7d4baa2d09e2}</UniqueIdentifier>
    </Filter>
    <Filter Include="ChessTeam">
      <UniqueIdentifier>{48ac8110-5842-423d-8986-a7eaa16ebd48}</UniqueIdentifier>
    </Filter>
    <Filter Include="Chess Unit\King">
      <UniqueIdentifier>{bcc8a540-5df8-461d-ad1f-23e523190f10}</UniqueIdentifier>
    </Filter>
    <Filter Include="Chess Unit\Queen">
      <UniqueIdentifier>{2b28e025-ed4d-4a44-8a04-7b41bd0408c8}</UniqueIdentifier>
    </Filter>
    <Filter Include="Chess Unit\Knight">
      <UniqueIdentifier>{63df77f2-807d-487f-b2ae-0ad79789f6cb}</UniqueIdentifier>
    </Filter>
    <Filter Include="Chess Unit\Rook">
      <UniqueIdentifier>{de6a0a9f-84b2-47e3-96dd-d1386b91e06a}</UniqueIdentifier>
    </Filter>
    <Filter Include="Chess Unit\Bishop">
      <UniqueIdentifier>{e15cd2e9-14c7-4e99-9ffd-a43c94cfa7e9}</UniqueIdentifier>
    </Filter>
  </ItemGroup>
  <ItemGroup>
    <ClCompile Include="main.cpp">
      <Filter>소스 파일</Filter>
    </ClCompile>
    <ClCompile Include="ConsoleFrameWork.cpp">
      <Filter>소스 파일</Filter>
    </ClCompile>
    <ClCompile Include="GameMng.cpp">
      <Filter>GameMng</Filter>
    </ClCompile>
    <ClCompile Include="State.cpp">
      <Filter>State</Filter>
    </ClCompile>
    <ClCompile Include="StateCtrl.cpp">
      <Filter>State</Filter>
    </ClCompile>
    <ClCompile Include="MenuState.cpp">
      <Filter>State\MenuState</Filter>
    </ClCompile>
    <ClCompile Include="GameState.cpp">
      <Filter>State\GameState</Filter>
    </ClCompile>
    <ClCompile Include="GameBoard.cpp">
      <Filter>GameBoard</Filter>
    </ClCompile>
    <ClCompile Include="Unit.cpp">
      <Filter>Unit</Filter>
    </ClCompile>
    <ClCompile Include="Pawn.cpp">
      <Filter>Chess Unit\Pawn</Filter>
    </ClCompile>
    <ClCompile Include="Team_Black.cpp">
      <Filter>ChessTeam</Filter>
    </ClCompile>
    <ClCompile Include="Team_White.cpp">
      <Filter>ChessTeam</Filter>
    </ClCompile>
    <ClCompile Include="King.cpp">
      <Filter>Chess Unit\King</Filter>
    </ClCompile>
    <ClCompile Include="Queen.cpp">
      <Filter>Chess Unit\Queen</Filter>
    </ClCompile>
    <ClCompile Include="Knight.cpp">
      <Filter>Chess Unit\Knight</Filter>
    </ClCompile>
    <ClCompile Include="Rook.cpp">
      <Filter>Chess Unit\Rook</Filter>
    </ClCompile>
    <ClCompile Include="Bishop.cpp">
      <Filter>Chess Unit\Bishop</Filter>
    </ClCompile>
  </ItemGroup>
  <ItemGroup>
    <ClInclude Include="include.h">
      <Filter>헤더 파일</Filter>
    </ClInclude>
    <ClInclude Include="define.h">
      <Filter>헤더 파일</Filter>
    </ClInclude>
    <ClInclude Include="Singleton.h">
      <Filter>Singleton</Filter>
    </ClInclude>
    <ClInclude Include="GameMng.h">
      <Filter>GameMng</Filter>
    </ClInclude>
    <ClInclude Include="State.h">
      <Filter>State</Filter>
    </ClInclude>
    <ClInclude Include="StateCtrl.h">
      <Filter>State</Filter>
    </ClInclude>
    <ClInclude Include="MenuState.h">
      <Filter>State\MenuState</Filter>
    </ClInclude>
    <ClInclude Include="GameState.h">
      <Filter>State\GameState</Filter>
    </ClInclude>
    <ClInclude Include="GameBoard.h">
      <Filter>GameBoard</Filter>
    </ClInclude>
    <ClInclude Include="Unit.h">
      <Filter>Unit</Filter>
    </ClInclude>
    <ClInclude Include="Pawn.h">
      <Filter>Chess Unit\Pawn</Filter>
    </ClInclude>
    <ClInclude Include="Team_Black.h">
      <Filter>ChessTeam</Filter>
    </ClInclude>
    <ClInclude Include="Team_White.h">
      <Filter>ChessTeam</Filter>
    </ClInclude>
    <ClInclude Include="King.h">
      <Filter>Chess Unit\King</Filter>
    </ClInclude>
    <ClInclude Include="Queen.h">
      <Filter>Chess Unit\Queen</Filter>
    </ClInclude>
    <ClInclude Include="Knight.h">
      <Filter>Chess Unit\Knight</Filter>
    </ClInclude>
    <ClInclude Include="Rook.h">
      <Filter>Chess Unit\Rook</Filter>
    </ClInclude>
    <ClInclude Include="Bishop.h">
      <Filter>Chess Unit\Bishop</Filter>
    </ClInclude>
  </ItemGroup>
</Project>